
Microsoft Visual Studio Solution File, Format Version 12.00
# Visual Studio Version 17
VisualStudioVersion = 17.3.32825.248
MinimumVisualStudioVersion = 10.0.40219.1
Project("{FAE04EC0-301F-11D3-BF4B-00C04F79EFBC}") = "Prakt7Bezmen", "Prakt7Bezmen.csproj", "{58FC36E5-D647-4115-AAFB-6B4BF3B1995D}"
EndProject
Global
	GlobalSection(SolutionConfigurationPlatforms) = preSolution
		Debug|Any CPU = Debug|Any CPU
		Release|Any CPU = Release|Any CPU
	EndGlobalSection
	GlobalSection(ProjectConfigurationPlatforms) = postSolution
		{58FC36E5-D647-4115-AAFB-6B4BF3B1995D}.Debug|Any CPU.ActiveCfg = Debug|Any CPU
		{58FC36E5-D647-4115-AAFB-6B4BF3B1995D}.Debug|Any CPU.Build.0 = Debug|Any CPU
		{58FC36E5-D647-4115-AAFB-6B4BF3B1995D}.Release|Any CPU.ActiveCfg = Release|Any CPU
		{58FC36E5-D647-4115-AAFB-6B4BF3B1995D}.Release|Any CPU.Build.0 = Release|Any CPU
	EndGlobalSection
	GlobalSection(SolutionProperties) = preSolution
		HideSolutionNode = FALSE
	EndGlobalSection
	GlobalSection(ExtensibilityGlobals) = postSolution
		SolutionGuid = {30157B07-C496-4AD7-B54B-42D78AC00772}
	EndGlobalSection
EndGlobal
